
Microsoft Visual Studio Solution File, Format Version 12.00
# Visual Studio Version 17
VisualStudioVersion = 17.5.33627.172
MinimumVisualStudioVersion = 10.0.40219.1
Project("{FAE04EC0-301F-11D3-BF4B-00C04F79EFBC}") = "ECU1251HttpClient", "ECU1251HttpClient\ECU1251HttpClient.csproj", "{3393DCC8-5FD9-4DE6-9D8E-A079B5F7CABB}"
EndProject
Global
	GlobalSection(SolutionConfigurationPlatforms) = preSolution
		Debug|Any CPU = Debug|Any CPU
		Release|Any CPU = Release|Any CPU
	EndGlobalSection
	GlobalSection(ProjectConfigurationPlatforms) = postSolution
		{3393DCC8-5FD9-4DE6-9D8E-A079B5F7CABB}.Debug|Any CPU.ActiveCfg = Debug|Any CPU
		{3393DCC8-5FD9-4DE6-9D8E-A079B5F7CABB}.Debug|Any CPU.Build.0 = Debug|Any CPU
		{3393DCC8-5FD9-4DE6-9D8E-A079B5F7CABB}.Release|Any CPU.ActiveCfg = Release|Any CPU
		{3393DCC8-5FD9-4DE6-9D8E-A079B5F7CABB}.Release|Any CPU.Build.0 = Release|Any CPU
	EndGlobalSection
	GlobalSection(SolutionProperties) = preSolution
		HideSolutionNode = FALSE
	EndGlobalSection
	GlobalSection(ExtensibilityGlobals) = postSolution
		SolutionGuid = {51BDC9DA-1A47-4086-B083-00FF850BCF2C}
	EndGlobalSection
EndGlobal
